Microsoft Visual Studio Solution File, Format Version 12.00
# Visual Studio Version 17
VisualStudioVersion = 17.0.31903.59
MinimumVisualStudioVersion = 10.0.40219.1

Project("{FAE04EC0-301F-11D3-BF4B-00C04F79EFBC}") = "EcomTemplate.Domain", "EcomTemplate.Domain\EcomTemplate.Domain.csproj", "{AC84C2B1-784F-4359-9E94-2288B1BF4957}"
EndProject

Project("{FAE04EC0-301F-11D3-BF4B-00C04F79EFBC}") = "EcomTemplate.Application", "EcomTemplate.Application\EcomTemplate.Application.csproj", "{3332D097-BE85-49EB-B5DF-BCECE3B99FCE}"
EndProject

Project("{FAE04EC0-301F-11D3-BF4B-00C04F79EFBC}") = "EcomTemplate.Infrastructure", "EcomTemplate.Infrastructure\EcomTemplate.Infrastructure.csproj", "{FF9D644F-B912-419A-8FC7-24D1D138F105}"
EndProject

Project("{FAE04EC0-301F-11D3-BF4B-00C04F79EFBC}") = "EcomTemplate.API", "EcomTemplate.API\EcomTemplate.API.csproj", "{DEE16D17-7405-4C78-8E11-5CF9D38C968B}"
EndProject

Global
	GlobalSection(SolutionConfigurationPlatforms) = preSolution
		Debug|Any CPU = Debug|Any CPU
		Release|Any CPU = Release|Any CPU
	EndGlobalSection

	GlobalSection(ProjectConfigurationPlatforms) = postSolution
		{AC84C2B1-784F-4359-9E94-2288B1BF4957}.Debug|Any CPU.ActiveCfg = Debug|Any CPU
		{AC84C2B1-784F-4359-9E94-2288B1BF4957}.Debug|Any CPU.Build.0 = Debug|Any CPU
		{AC84C2B1-784F-4359-9E94-2288B1BF4957}.Release|Any CPU.ActiveCfg = Release|Any CPU
		{AC84C2B1-784F-4359-9E94-2288B1BF4957}.Release|Any CPU.Build.0 = Release|Any CPU

		{3332D097-BE85-49EB-B5DF-BCECE3B99FCE}.Debug|Any CPU.ActiveCfg = Debug|Any CPU
		{3332D097-BE85-49EB-B5DF-BCECE3B99FCE}.Debug|Any CPU.Build.0 = Debug|Any CPU
		{3332D097-BE85-49EB-B5DF-BCECE3B99FCE}.Release|Any CPU.ActiveCfg = Release|Any CPU
		{3332D097-BE85-49EB-B5DF-BCECE3B99FCE}.Release|Any CPU.Build.0 = Release|Any CPU

		{FF9D644F-B912-419A-8FC7-24D1D138F105}.Debug|Any CPU.ActiveCfg = Debug|Any CPU
		{FF9D644F-B912-419A-8FC7-24D1D138F105}.Debug|Any CPU.Build.0 = Debug|Any CPU
		{FF9D644F-B912-419A-8FC7-24D1D138F105}.Release|Any CPU.ActiveCfg = Release|Any CPU
		{FF9D644F-B912-419A-8FC7-24D1D138F105}.Release|Any CPU.Build.0 = Release|Any CPU

		{DEE16D17-7405-4C78-8E11-5CF9D38C968B}.Debug|Any CPU.ActiveCfg = Debug|Any CPU
		{DEE16D17-7405-4C78-8E11-5CF9D38C968B}.Debug|Any CPU.Build.0 = Debug|Any CPU
		{DEE16D17-7405-4C78-8E11-5CF9D38C968B}.Release|Any CPU.ActiveCfg = Release|Any CPU
		{DEE16D17-7405-4C78-8E11-5CF9D38C968B}.Release|Any CPU.Build.0 = Release|Any CPU
	EndGlobalSection

	GlobalSection(SolutionProperties) = preSolution
		HideSolutionNode = FALSE
	EndGlobalSection
EndGlobal
